
Microsoft Visual Studio Solution File, Format Version 12.00
# Visual Studio Version 17
VisualStudioVersion = 17.14.36414.22
MinimumVisualStudioVersion = 10.0.40219.1
Project("{FAE04EC0-301F-11D3-BF4B-00C04F79EFBC}") = "ITMS.UseCases", "ITMS.UseCases\ITMS.UseCases.csproj", "{0CD30AE7-DE9C-4960-8375-9796DA25DD61}"
EndProject
Project("{FAE04EC0-301F-11D3-BF4B-00C04F79EFBC}") = "ITMS.CoreBusiness", "ITMS.CoreBusiness\ITMS.CoreBusiness.csproj", "{936F1838-8128-408C-813B-3728FAB42B4D}"
EndProject
Project("{2150E333-8FDC-42A3-9474-1A3956D46DE8}") = "ITMS.Plugins", "ITMS.Plugins", "{02EA681E-C7D8-13C7-8484-4AC65E1B71E8}"
EndProject
Project("{FAE04EC0-301F-11D3-BF4B-00C04F79EFBC}") = "ITMS.Plugins.InMemory", "ITMS.Plugins\ITMS.Plugins.InMemory\ITMS.Plugins.InMemory.csproj", "{255D9430-419B-4902-9478-E0DDFCC43003}"
EndProject
Global
	GlobalSection(SolutionConfigurationPlatforms) = preSolution
		Debug|Any CPU = Debug|Any CPU
		Release|Any CPU = Release|Any CPU
	EndGlobalSection
	GlobalSection(ProjectConfigurationPlatforms) = postSolution
		{0CD30AE7-DE9C-4960-8375-9796DA25DD61}.Debug|Any CPU.ActiveCfg = Debug|Any CPU
		{0CD30AE7-DE9C-4960-8375-9796DA25DD61}.Debug|Any CPU.Build.0 = Debug|Any CPU
		{0CD30AE7-DE9C-4960-8375-9796DA25DD61}.Release|Any CPU.ActiveCfg = Release|Any CPU
		{0CD30AE7-DE9C-4960-8375-9796DA25DD61}.Release|Any CPU.Build.0 = Release|Any CPU
		{936F1838-8128-408C-813B-3728FAB42B4D}.Debug|Any CPU.ActiveCfg = Debug|Any CPU
		{936F1838-8128-408C-813B-3728FAB42B4D}.Debug|Any CPU.Build.0 = Debug|Any CPU
		{936F1838-8128-408C-813B-3728FAB42B4D}.Release|Any CPU.ActiveCfg = Release|Any CPU
		{936F1838-8128-408C-813B-3728FAB42B4D}.Release|Any CPU.Build.0 = Release|Any CPU
		{255D9430-419B-4902-9478-E0DDFCC43003}.Debug|Any CPU.ActiveCfg = Debug|Any CPU
		{255D9430-419B-4902-9478-E0DDFCC43003}.Debug|Any CPU.Build.0 = Debug|Any CPU
		{255D9430-419B-4902-9478-E0DDFCC43003}.Release|Any CPU.ActiveCfg = Release|Any CPU
		{255D9430-419B-4902-9478-E0DDFCC43003}.Release|Any CPU.Build.0 = Release|Any CPU
	EndGlobalSection
	GlobalSection(SolutionProperties) = preSolution
		HideSolutionNode = FALSE
	EndGlobalSection
	GlobalSection(NestedProjects) = preSolution
		{255D9430-419B-4902-9478-E0DDFCC43003} = {02EA681E-C7D8-13C7-8484-4AC65E1B71E8}
	EndGlobalSection
	GlobalSection(ExtensibilityGlobals) = postSolution
		SolutionGuid = {C99AFBAF-4C55-44FA-99B4-D3E166B4D652}
	EndGlobalSection
EndGlobal
